{
  "version": 4,
  "terraform_version": "1.8.0",
  "serial": 230,
  "lineage": "2df4d905-8703-108b-2821-9865776c1c25",
  "outputs": {},
  "resources": [
    {
      "mode": "managed",
      "type": "google_sql_database",
      "name": "database",
      "provider": "provider[\"registry.terraform.io/hashicorp/google\"]",
      "instances": [
        {
          "schema_version": 0,
          "attributes": {
            "charset": "UTF8",
            "collation": "en_US.UTF8",
            "deletion_policy": "DELETE",
            "id": "projects/de-eq-asmnt-2024/instances/eqasmnt-db-instance/databases/eqasmnt-db",
            "instance": "eqasmnt-db-instance",
            "name": "eqasmnt-db",
            "project": "de-eq-asmnt-2024",
            "self_link": "https://sqladmin.googleapis.com/sql/v1beta4/projects/de-eq-asmnt-2024/instances/eqasmnt-db-instance/databases/eqasmnt-db",
            "timeouts": null
          },
          "sensitive_attributes": [],
          "private": "eyJlMmJmYjczMC1lY2FhLTExZTYtOGY4OC0zNDM2M2JjN2M0YzAiOnsiY3JlYXRlIjoxMjAwMDAwMDAwMDAwLCJkZWxldGUiOjEyMDAwMDAwMDAwMDAsInVwZGF0ZSI6MTIwMDAwMDAwMDAwMH19",
          "dependencies": [
            "google_sql_database_instance.instance"
          ]
        }
      ]
    },
    {
      "mode": "managed",
      "type": "google_sql_database_instance",
      "name": "instance",
      "provider": "provider[\"registry.terraform.io/hashicorp/google\"]",
      "instances": [
        {
          "schema_version": 0,
          "attributes": {
            "available_maintenance_versions": [],
            "clone": [],
            "connection_name": "de-eq-asmnt-2024:us-west2:eqasmnt-db-instance",
            "database_version": "POSTGRES_14",
            "deletion_protection": false,
            "dns_name": "",
            "encryption_key_name": null,
            "first_ip_address": "35.236.87.112",
            "id": "eqasmnt-db-instance",
            "instance_type": "CLOUD_SQL_INSTANCE",
            "ip_address": [
              {
                "ip_address": "35.236.87.112",
                "time_to_retire": "",
                "type": "PRIMARY"
              },
              {
                "ip_address": "34.94.117.213",
                "time_to_retire": "",
                "type": "OUTGOING"
              }
            ],
            "maintenance_version": "POSTGRES_14_10.R20240130.00_09",
            "master_instance_name": "",
            "name": "eqasmnt-db-instance",
            "private_ip_address": "",
            "project": "de-eq-asmnt-2024",
            "psc_service_attachment_link": "",
            "public_ip_address": "35.236.87.112",
            "region": "us-west2",
            "replica_configuration": [],
            "restore_backup_context": [],
            "root_password": null,
            "self_link": "https://sqladmin.googleapis.com/sql/v1beta4/projects/de-eq-asmnt-2024/instances/eqasmnt-db-instance",
            "server_ca_cert": [
              {
                "cert": "-----BEGIN CERTIFICATE-----\nMIIDfzCCAmegAwIBAgIBADANBgkqhkiG9w0BAQsFADB3MS0wKwYDVQQuEyRiYWQ4\nMjYwMi1hZWE4LTQyYTEtODU5NS01ZGVjNWU0NTJkNjYxIzAhBgNVBAMTGkdvb2ds\nZSBDbG91ZCBTUUwgU2VydmVyIENBMRQwEgYDVQQKEwtHb29nbGUsIEluYzELMAkG\nA1UEBhMCVVMwHhcNMjQwNDE1MjA0MjU1WhcNMzQwNDEzMjA0MzU1WjB3MS0wKwYD\nVQQuEyRiYWQ4MjYwMi1hZWE4LTQyYTEtODU5NS01ZGVjNWU0NTJkNjYxIzAhBgNV\nBAMTGkdvb2dsZSBDbG91ZCBTUUwgU2VydmVyIENBMRQwEgYDVQQKEwtHb29nbGUs\nIEluYzELMAkGA1UEBhMCVVMwggEiMA0GCSqGSIb3DQEBAQUAA4IBDwAwggEKAoIB\nAQDA6CNd459yYVTeORxdDcoROkFz7wSeCuvG4bzAqFh9uROaUps3/4kPsipZOk+Q\nIpyC2uQfbzDRAcDceq+LVLN/66hJ+sBzWNHshaPsFXJJPIDnDr+T2h4fkYhlqGt9\nsmwGWXhjBBEGrMkV5bWbK0enSnS6kPEYfOwsd0RdAAPeyo3Ajtzkj8yDPqzjaK3M\nSjsSTTjspXMKdWvHKys45Apel3fU9t7hVT+sfQf2c1bFHM/DcBLP3tsS+vLvzIVT\n/NZfIcpPrBGdqxBTzee9CzUNdwpLxMdcdAdXPtUPBTKHkNdelhAYhm1AIomhVSQ3\ntzvo3WKhUfPUkqq1jDsGMVYJAgMBAAGjFjAUMBIGA1UdEwEB/wQIMAYBAf8CAQAw\nDQYJKoZIhvcNAQELBQADggEBAFtVzKTl/Q5GN73IH9THB8nA2p3q0UreTwHAINph\n8T2dcydOEa5L60LYUpod+XMDXiZKLPjPau6sREgGE2KM8wE7H5uXT/hYqhk6Svxo\nQmglEjTDAH7XlTXN9MVH9iCztirkbCWL6TO5CYECAozeEB2G6g0GQwHzCR5pPkWE\nFyyVmj4YdhTB55S9qPnQO0tObFtl8QlxCna7xRk85j+dPdGsJtBeM/YMzdkgjEDo\n7vIfDa5+dX4LjMQv9rhF7umID32JHdoKv39r3rXmDYacz0XlT+KlUvGn9lfS8ThR\ni2gtST/BpZL+Pctj300jCpTevP6G6/KVHtBb0MJ9zI9hVjk=\n-----END CERTIFICATE-----",
                "common_name": "C=US,O=Google\\, Inc,CN=Google Cloud SQL Server CA,dnQualifier=bad82602-aea8-42a1-8595-5dec5e452d66",
                "create_time": "2024-04-15T20:42:55.542Z",
                "expiration_time": "2034-04-13T20:43:55.542Z",
                "sha1_fingerprint": "0e658890b3432d09e76dd4eeedef58580e1e2cec"
              }
            ],
            "service_account_email_address": "p327100069665-5dlp4k@gcp-sa-cloud-sql.iam.gserviceaccount.com",
            "settings": [
              {
                "activation_policy": "ALWAYS",
                "active_directory_config": [],
                "advanced_machine_features": [],
                "availability_type": "ZONAL",
                "backup_configuration": [
                  {
                    "backup_retention_settings": [
                      {
                        "retained_backups": 7,
                        "retention_unit": "COUNT"
                      }
                    ],
                    "binary_log_enabled": false,
                    "enabled": false,
                    "location": "",
                    "point_in_time_recovery_enabled": false,
                    "start_time": "00:00",
                    "transaction_log_retention_days": 7
                  }
                ],
                "collation": "",
                "connector_enforcement": "NOT_REQUIRED",
                "data_cache_config": [],
                "database_flags": [
                  {
                    "name": "max_connections",
                    "value": "50"
                  }
                ],
                "deletion_protection_enabled": false,
                "deny_maintenance_period": [],
                "disk_autoresize": true,
                "disk_autoresize_limit": 0,
                "disk_size": 10,
                "disk_type": "PD_SSD",
                "edition": "",
                "insights_config": [],
                "ip_configuration": [
                  {
                    "allocated_ip_range": "",
                    "authorized_networks": [],
                    "enable_private_path_for_google_cloud_services": false,
                    "ipv4_enabled": true,
                    "private_network": "",
                    "psc_config": [],
                    "require_ssl": false
                  }
                ],
                "location_preference": [
                  {
                    "follow_gae_application": "",
                    "secondary_zone": "",
                    "zone": "us-west2-a"
                  }
                ],
                "maintenance_window": [],
                "password_validation_policy": [],
                "pricing_plan": "PER_USE",
                "sql_server_audit_config": [],
                "tier": "db-f1-micro",
                "time_zone": "",
                "user_labels": {},
                "version": 4
              }
            ],
            "timeouts": null
          },
          "sensitive_attributes": [
            [
              {
                "type": "get_attr",
                "value": "root_password"
              }
            ]
          ],
          "private": "eyJlMmJmYjczMC1lY2FhLTExZTYtOGY4OC0zNDM2M2JjN2M0YzAiOnsiY3JlYXRlIjoyNDAwMDAwMDAwMDAwLCJkZWxldGUiOjE4MDAwMDAwMDAwMDAsInVwZGF0ZSI6MTgwMDAwMDAwMDAwMH19"
        }
      ]
    },
    {
      "mode": "managed",
      "type": "google_sql_user",
      "name": "database-user",
      "provider": "provider[\"registry.terraform.io/hashicorp/google\"]",
      "instances": [
        {
          "schema_version": 1,
          "attributes": {
            "deletion_policy": null,
            "host": "",
            "id": "mageuser//eqasmnt-db-instance",
            "instance": "eqasmnt-db-instance",
            "name": "mageuser",
            "password": "root",
            "password_policy": [],
            "project": "de-eq-asmnt-2024",
            "sql_server_user_details": [],
            "timeouts": null,
            "type": ""
          },
          "sensitive_attributes": [
            [
              {
                "type": "get_attr",
                "value": "password"
              }
            ]
          ],
          "private": "eyJlMmJmYjczMC1lY2FhLTExZTYtOGY4OC0zNDM2M2JjN2M0YzAiOnsiY3JlYXRlIjo2MDAwMDAwMDAwMDAsImRlbGV0ZSI6NjAwMDAwMDAwMDAwLCJ1cGRhdGUiOjYwMDAwMDAwMDAwMH0sInNjaGVtYV92ZXJzaW9uIjoiMSJ9",
          "dependencies": [
            "google_sql_database_instance.instance"
          ]
        }
      ]
    }
  ],
  "check_results": null
}
